{
  "requires": true,
  "lockfileVersion": 1,
  "dependencies": {
    "regexp-tree": {
      "version": "0.1.21",
      "resolved": "https://registry.npmjs.org/regexp-tree/-/regexp-tree-0.1.21.tgz",
      "integrity": "sha512-kUUXjX4AnqnR8KRTCrayAo9PzYMRKmVoGgaz2tBuz0MF3g1ZbGebmtW0yFHfFK9CmBjQKeYIgoL22pFLBJY7sw=="
    }
  }
}
